
Microsoft Visual Studio Solution File, Format Version 12.00
# Visual Studio Version 16
VisualStudioVersion = 16.0.30114.105
MinimumVisualStudioVersion = 10.0.40219.1
Project("{2150E333-8FDC-42A3-9474-1A3956D46DE8}") = "src", "src", "{A6C81FC4-3086-493E-B52E-ACA99AFD2B8A}"
EndProject
Project("{FAE04EC0-301F-11D3-BF4B-00C04F79EFBC}") = "IdentityServer", "src\IdentityServer\IdentityServer.csproj", "{D86EDD88-35E1-44DA-9768-4E3E859E4355}"
EndProject
Project("{FAE04EC0-301F-11D3-BF4B-00C04F79EFBC}") = "Api", "src\Api\Api.csproj", "{A7EB0075-ADD6-4602-93F1-F5FB3704B5CB}"
EndProject
Project("{FAE04EC0-301F-11D3-BF4B-00C04F79EFBC}") = "Client", "src\Client\Client.csproj", "{FC922C6C-6C6F-4140-B1E1-712AB773FC7D}"
EndProject
Project("{FAE04EC0-301F-11D3-BF4B-00C04F79EFBC}") = "WebClient", "src\WebClient\WebClient.csproj", "{F35ACBA6-5DB5-4182-8DD2-C353705E3BBE}"
EndProject
Global
	GlobalSection(SolutionConfigurationPlatforms) = preSolution
		Debug|Any CPU = Debug|Any CPU
		Release|Any CPU = Release|Any CPU
	EndGlobalSection
	GlobalSection(SolutionProperties) = preSolution
		HideSolutionNode = FALSE
	EndGlobalSection
	GlobalSection(ProjectConfigurationPlatforms) = postSolution
		{D86EDD88-35E1-44DA-9768-4E3E859E4355}.Debug|Any CPU.ActiveCfg = Debug|Any CPU
		{D86EDD88-35E1-44DA-9768-4E3E859E4355}.Debug|Any CPU.Build.0 = Debug|Any CPU
		{D86EDD88-35E1-44DA-9768-4E3E859E4355}.Release|Any CPU.ActiveCfg = Release|Any CPU
		{D86EDD88-35E1-44DA-9768-4E3E859E4355}.Release|Any CPU.Build.0 = Release|Any CPU
		{A7EB0075-ADD6-4602-93F1-F5FB3704B5CB}.Debug|Any CPU.ActiveCfg = Debug|Any CPU
		{A7EB0075-ADD6-4602-93F1-F5FB3704B5CB}.Debug|Any CPU.Build.0 = Debug|Any CPU
		{A7EB0075-ADD6-4602-93F1-F5FB3704B5CB}.Release|Any CPU.ActiveCfg = Release|Any CPU
		{A7EB0075-ADD6-4602-93F1-F5FB3704B5CB}.Release|Any CPU.Build.0 = Release|Any CPU
		{FC922C6C-6C6F-4140-B1E1-712AB773FC7D}.Debug|Any CPU.ActiveCfg = Debug|Any CPU
		{FC922C6C-6C6F-4140-B1E1-712AB773FC7D}.Debug|Any CPU.Build.0 = Debug|Any CPU
		{FC922C6C-6C6F-4140-B1E1-712AB773FC7D}.Release|Any CPU.ActiveCfg = Release|Any CPU
		{FC922C6C-6C6F-4140-B1E1-712AB773FC7D}.Release|Any CPU.Build.0 = Release|Any CPU
		{F35ACBA6-5DB5-4182-8DD2-C353705E3BBE}.Debug|Any CPU.ActiveCfg = Debug|Any CPU
		{F35ACBA6-5DB5-4182-8DD2-C353705E3BBE}.Debug|Any CPU.Build.0 = Debug|Any CPU
		{F35ACBA6-5DB5-4182-8DD2-C353705E3BBE}.Release|Any CPU.ActiveCfg = Release|Any CPU
		{F35ACBA6-5DB5-4182-8DD2-C353705E3BBE}.Release|Any CPU.Build.0 = Release|Any CPU
	EndGlobalSection
	GlobalSection(NestedProjects) = preSolution
		{D86EDD88-35E1-44DA-9768-4E3E859E4355} = {A6C81FC4-3086-493E-B52E-ACA99AFD2B8A}
		{A7EB0075-ADD6-4602-93F1-F5FB3704B5CB} = {A6C81FC4-3086-493E-B52E-ACA99AFD2B8A}
		{FC922C6C-6C6F-4140-B1E1-712AB773FC7D} = {A6C81FC4-3086-493E-B52E-ACA99AFD2B8A}
		{F35ACBA6-5DB5-4182-8DD2-C353705E3BBE} = {A6C81FC4-3086-493E-B52E-ACA99AFD2B8A}
	EndGlobalSection
EndGlobal
